
Microsoft Visual Studio Solution File, Format Version 12.00
# Visual Studio Version 17
VisualStudioVersion = 17.3.32901.215
MinimumVisualStudioVersion = 10.0.40219.1
Project("{FAE04EC0-301F-11D3-BF4B-00C04F79EFBC}") = "MathGame", "MathGame\MathGame.csproj", "{367ED943-7F48-411C-A0EB-FE3C419DFBB2}"
EndProject
Global
	GlobalSection(SolutionConfigurationPlatforms) = preSolution
		Debug|Any CPU = Debug|Any CPU
		Release|Any CPU = Release|Any CPU
	EndGlobalSection
	GlobalSection(ProjectConfigurationPlatforms) = postSolution
		{367ED943-7F48-411C-A0EB-FE3C419DFBB2}.Debug|Any CPU.ActiveCfg = Debug|Any CPU
		{367ED943-7F48-411C-A0EB-FE3C419DFBB2}.Debug|Any CPU.Build.0 = Debug|Any CPU
		{367ED943-7F48-411C-A0EB-FE3C419DFBB2}.Release|Any CPU.ActiveCfg = Release|Any CPU
		{367ED943-7F48-411C-A0EB-FE3C419DFBB2}.Release|Any CPU.Build.0 = Release|Any CPU
	EndGlobalSection
	GlobalSection(SolutionProperties) = preSolution
		HideSolutionNode = FALSE
	EndGlobalSection
	GlobalSection(ExtensibilityGlobals) = postSolution
		SolutionGuid = {38B705FF-419D-4591-B3A6-47BDE76E8F4B}
	EndGlobalSection
EndGlobal
